
Microsoft Visual Studio Solution File, Format Version 12.00
# Visual Studio Version 17
VisualStudioVersion = 17.0.31903.59
MinimumVisualStudioVersion = 10.0.40219.1
Project("{FAE04EC0-301F-11D3-BF4B-00C04F79EFBC}") = "LiveScore", "LiveScore\LiveScore.csproj", "{37417040-10DD-46EE-A6ED-CD9E28071135}"
EndProject
Global
	GlobalSection(SolutionConfigurationPlatforms) = preSolution
		Debug|Any CPU = Debug|Any CPU
		Release|Any CPU = Release|Any CPU
	EndGlobalSection
	GlobalSection(ProjectConfigurationPlatforms) = postSolution
		{37417040-10DD-46EE-A6ED-CD9E28071135}.Debug|Any CPU.ActiveCfg = Debug|Any CPU
		{37417040-10DD-46EE-A6ED-CD9E28071135}.Debug|Any CPU.Build.0 = Debug|Any CPU
		{37417040-10DD-46EE-A6ED-CD9E28071135}.Release|Any CPU.ActiveCfg = Release|Any CPU
		{37417040-10DD-46EE-A6ED-CD9E28071135}.Release|Any CPU.Build.0 = Release|Any CPU
	EndGlobalSection
	GlobalSection(SolutionProperties) = preSolution
		HideSolutionNode = FALSE
	EndGlobalSection
	GlobalSection(ExtensibilityGlobals) = postSolution
		SolutionGuid = {8F47D2CD-0CAF-411C-83A4-4459DD0CBF2A}
	EndGlobalSection
EndGlobal
